
Microsoft Visual Studio Solution File, Format Version 12.00
# Visual Studio Version 17
VisualStudioVersion = 17.6.33801.468
MinimumVisualStudioVersion = 10.0.40219.1
Project("{FAE04EC0-301F-11D3-BF4B-00C04F79EFBC}") = "TestApi", "TestApi\TestApi.csproj", "{5ECE31FF-913C-429C-9EEB-EE0F82058D4E}"
EndProject
Global
	GlobalSection(SolutionConfigurationPlatforms) = preSolution
		Debug|Any CPU = Debug|Any CPU
		Release|Any CPU = Release|Any CPU
	EndGlobalSection
	GlobalSection(ProjectConfigurationPlatforms) = postSolution
		{5ECE31FF-913C-429C-9EEB-EE0F82058D4E}.Debug|Any CPU.ActiveCfg = Debug|Any CPU
		{5ECE31FF-913C-429C-9EEB-EE0F82058D4E}.Debug|Any CPU.Build.0 = Debug|Any CPU
		{5ECE31FF-913C-429C-9EEB-EE0F82058D4E}.Release|Any CPU.ActiveCfg = Release|Any CPU
		{5ECE31FF-913C-429C-9EEB-EE0F82058D4E}.Release|Any CPU.Build.0 = Release|Any CPU
	EndGlobalSection
	GlobalSection(SolutionProperties) = preSolution
		HideSolutionNode = FALSE
	EndGlobalSection
	GlobalSection(ExtensibilityGlobals) = postSolution
		SolutionGuid = {5D779BD1-BF4D-478A-AE2D-08DFB5D28518}
	EndGlobalSection
EndGlobal
